
Microsoft Visual Studio Solution File, Format Version 12.00
# Visual Studio Version 16
VisualStudioVersion = 16.0.28803.202
MinimumVisualStudioVersion = 10.0.40219.1
Project("{FAE04EC0-301F-11D3-BF4B-00C04F79EFBC}") = "DataProcessingWebAPI", "DataProcessingWebAPI\DataProcessingWebAPI.csproj", "{527C7DD6-7128-4C5F-9337-0B735D142098}"
EndProject
Project("{FAE04EC0-301F-11D3-BF4B-00C04F79EFBC}") = "DataProcessingDataImporter", "DataProcessingDataImporter\DataProcessingDataImporter.csproj", "{A7E8EC92-73D1-4887-8024-47A470BBF09F}"
EndProject
Project("{FAE04EC0-301F-11D3-BF4B-00C04F79EFBC}") = "DataProcessingClient", "DataProcessingClient\DataProcessingClient.csproj", "{A8753C9F-92AE-441F-A83F-20CBDFA85E4E}"
EndProject
Global
	GlobalSection(SolutionConfigurationPlatforms) = preSolution
		Debug|Any CPU = Debug|Any CPU
		Release|Any CPU = Release|Any CPU
	EndGlobalSection
	GlobalSection(ProjectConfigurationPlatforms) = postSolution
		{527C7DD6-7128-4C5F-9337-0B735D142098}.Debug|Any CPU.ActiveCfg = Debug|Any CPU
		{527C7DD6-7128-4C5F-9337-0B735D142098}.Debug|Any CPU.Build.0 = Debug|Any CPU
		{527C7DD6-7128-4C5F-9337-0B735D142098}.Release|Any CPU.ActiveCfg = Release|Any CPU
		{527C7DD6-7128-4C5F-9337-0B735D142098}.Release|Any CPU.Build.0 = Release|Any CPU
		{A7E8EC92-73D1-4887-8024-47A470BBF09F}.Debug|Any CPU.ActiveCfg = Debug|Any CPU
		{A7E8EC92-73D1-4887-8024-47A470BBF09F}.Debug|Any CPU.Build.0 = Debug|Any CPU
		{A7E8EC92-73D1-4887-8024-47A470BBF09F}.Release|Any CPU.ActiveCfg = Release|Any CPU
		{A7E8EC92-73D1-4887-8024-47A470BBF09F}.Release|Any CPU.Build.0 = Release|Any CPU
		{A8753C9F-92AE-441F-A83F-20CBDFA85E4E}.Debug|Any CPU.ActiveCfg = Debug|Any CPU
		{A8753C9F-92AE-441F-A83F-20CBDFA85E4E}.Debug|Any CPU.Build.0 = Debug|Any CPU
		{A8753C9F-92AE-441F-A83F-20CBDFA85E4E}.Release|Any CPU.ActiveCfg = Release|Any CPU
		{A8753C9F-92AE-441F-A83F-20CBDFA85E4E}.Release|Any CPU.Build.0 = Release|Any CPU
	EndGlobalSection
	GlobalSection(SolutionProperties) = preSolution
		HideSolutionNode = FALSE
	EndGlobalSection
	GlobalSection(ExtensibilityGlobals) = postSolution
		SolutionGuid = {E02BE6CF-FA36-45B5-8567-C759E62F5A09}
	EndGlobalSection
EndGlobal
